{
  "name": "test-dependabot-npm-lockfile-v3-workspace",
  "version": "1.0.0",
  "lockfileVersion": 3,
  "requires": true,
  "packages": {
    "": {
      "name": "test-dependabot-npm-lockfile-v3-workspace",
      "version": "1.0.0",
      "license": "ISC",
      "workspaces": [
        "package-a",
        "package-b"
      ]
    },
    "node_modules/lodash": {
      "version": "4.17.21",
      "resolved": "https://registry.npmjs.org/lodash/-/lodash-4.17.21.tgz",
      "integrity": "sha512-v2kDEe57lecTulaDIuNTPy3Ry4gLGJ6Z1O3vE1krgXZNrsQ+LFTGHVxVjcXPs17LhbZVGedAJv8XZ1tvj5FvSg==",
      "license": "MIT"
    },
    "node_modules/luxon": {
      "version": "2.5.2",
      "resolved": "https://registry.npmjs.org/luxon/-/luxon-2.5.2.tgz",
      "integrity": "sha512-Yg7/RDp4nedqmLgyH0LwgGRvMEKVzKbUdkBYyCosbHgJ+kaOUx0qzSiSatVc3DFygnirTPYnMM2P5dg2uH1WvA==",
      "license": "MIT",
      "engines": {
        "node": ">=12"
      }
    },
    "node_modules/test-dependabot-npm-lockfile-v3-workspace--package-a": {
      "resolved": "package-a",
      "link": true
    },
    "node_modules/test-dependabot-npm-lockfile-v3-workspace--package-b": {
      "resolved": "package-b",
      "link": true
    },
    "package-a": {
      "name": "test-dependabot-npm-lockfile-v3-workspace--package-a",
      "version": "1.0.0",
      "license": "ISC",
      "dependencies": {
        "lodash": "^4.17.21"
      }
    },
    "package-b": {
      "name": "test-dependabot-npm-lockfile-v3-workspace--package-b",
      "version": "1.0.0",
      "license": "ISC",
      "dependencies": {
        "luxon": "^2.5.2"
      }
    }
  }
}
