{
  "name": "test-dependabot-npm-lockfile-v3-workspace",
  "version": "1.0.0",
  "lockfileVersion": 3,
  "requires": true,
  "packages": {
    "": {
      "name": "test-dependabot-npm-lockfile-v3-workspace",
      "version": "1.0.0",
      "license": "ISC",
      "workspaces": [
        "package-a",
        "package-b"
      ]
    },
    "node_modules/lodash": {
      "version": "3.10.1",
      "resolved": "https://registry.npmjs.org/lodash/-/lodash-3.10.1.tgz",
      "integrity": "sha512-9mDDwqVIma6OZX79ZlDACZl8sBm0TEnkf99zV3iMA4GzkIT/9hiqP5mY0HoT1iNLCrKc/R1HByV+yJfRWVJryQ=="
    },
    "node_modules/luxon": {
      "version": "3.7.2",
      "resolved": "https://registry.npmjs.org/luxon/-/luxon-3.7.2.tgz",
      "integrity": "sha512-vtEhXh/gNjI9Yg1u4jX/0YVPMvxzHuGgCm6tC5kZyb08yjGWGnqAjGJvcXbqQR2P3MyMEFnRbpcdFS6PBcLqew==",
      "license": "MIT",
      "engines": {
        "node": ">=12"
      }
    },
    "node_modules/test-dependabot-npm-lockfile-v3-workspace--package-a": {
      "resolved": "package-a",
      "link": true
    },
    "node_modules/test-dependabot-npm-lockfile-v3-workspace--package-b": {
      "resolved": "package-b",
      "link": true
    },
    "package-a": {
      "name": "test-dependabot-npm-lockfile-v3-workspace--package-a",
      "version": "1.0.0",
      "license": "ISC",
      "dependencies": {
        "lodash": "^3.10.1"
      }
    },
    "package-b": {
      "name": "test-dependabot-npm-lockfile-v3-workspace--package-b",
      "version": "1.0.0",
      "license": "ISC",
      "dependencies": {
        "luxon": "^3.7.2"
      }
    }
  }
}
