{
  "name": "test-dependabot-npm-lockfile-v3-workspace",
  "version": "1.0.0",
  "lockfileVersion": 3,
  "requires": true,
  "packages": {
    "": {
      "name": "test-dependabot-npm-lockfile-v3-workspace",
      "version": "1.0.0",
      "license": "ISC",
      "workspaces": [
        "package-a",
        "package-b"
      ]
    },
    "node_modules/lodash": {
      "version": "4.18.1",
      "resolved": "https://registry.npmjs.org/lodash/-/lodash-4.18.1.tgz",
      "integrity": "sha512-dMInicTPVE8d1e5otfwmmjlxkZoUpiVLwyeTdUsi/Caj/gfzzblBcCE5sRHV/AsjuCmxWrte2TNGSYuCeCq+0Q==",
      "license": "MIT"
    },
    "node_modules/luxon": {
      "version": "2.5.0",
      "resolved": "https://registry.npmjs.org/luxon/-/luxon-2.5.0.tgz",
      "integrity": "sha512-IDkEPB80Rb6gCAU+FEib0t4FeJ4uVOuX1CQ9GsvU3O+JAGIgu0J7sf1OarXKaKDygTZIoJyU6YdZzTFRu+YR0A==",
      "engines": {
        "node": ">=12"
      }
    },
    "node_modules/test-dependabot-npm-lockfile-v3-workspace--package-a": {
      "resolved": "package-a",
      "link": true
    },
    "node_modules/test-dependabot-npm-lockfile-v3-workspace--package-b": {
      "resolved": "package-b",
      "link": true
    },
    "package-a": {
      "name": "test-dependabot-npm-lockfile-v3-workspace--package-a",
      "version": "1.0.0",
      "license": "ISC",
      "dependencies": {
        "lodash": "^4.18.1"
      }
    },
    "package-b": {
      "name": "test-dependabot-npm-lockfile-v3-workspace--package-b",
      "version": "1.0.0",
      "license": "ISC",
      "dependencies": {
        "luxon": "^2.5.0"
      }
    }
  }
}
